
Microsoft Visual Studio Solution File, Format Version 12.00
# Visual Studio Version 16
VisualStudioVersion = 16.0.30406.217
MinimumVisualStudioVersion = 10.0.40219.1
Project("{FAE04EC0-301F-11D3-BF4B-00C04F79EFBC}") = "Football", "Football.csproj", "{788C42CF-08C6-40A6-AEB6-A92FBBAF6548}"
EndProject
Global
	GlobalSection(SolutionConfigurationPlatforms) = preSolution
		Debug|Any CPU = Debug|Any CPU
		Release|Any CPU = Release|Any CPU
	EndGlobalSection
	GlobalSection(ProjectConfigurationPlatforms) = postSolution
		{788C42CF-08C6-40A6-AEB6-A92FBBAF6548}.Debug|Any CPU.ActiveCfg = Debug|Any CPU
		{788C42CF-08C6-40A6-AEB6-A92FBBAF6548}.Debug|Any CPU.Build.0 = Debug|Any CPU
		{788C42CF-08C6-40A6-AEB6-A92FBBAF6548}.Release|Any CPU.ActiveCfg = Release|Any CPU
		{788C42CF-08C6-40A6-AEB6-A92FBBAF6548}.Release|Any CPU.Build.0 = Release|Any CPU
	EndGlobalSection
	GlobalSection(SolutionProperties) = preSolution
		HideSolutionNode = FALSE
	EndGlobalSection
	GlobalSection(ExtensibilityGlobals) = postSolution
		SolutionGuid = {FCB5C691-36AD-4E73-AE63-F5B86E144294}
	EndGlobalSection
EndGlobal
