
Microsoft Visual Studio Solution File, Format Version 12.00
# Visual Studio Version 16
VisualStudioVersion = 16.0.31019.35
MinimumVisualStudioVersion = 10.0.40219.1
Project("{FAE04EC0-301F-11D3-BF4B-00C04F79EFBC}") = "IntArrayProject", "IntArrayProject.csproj", "{34295123-9FB4-4C7F-8DDE-5F6769D6E886}"
EndProject
Global
	GlobalSection(SolutionConfigurationPlatforms) = preSolution
		Debug|Any CPU = Debug|Any CPU
		Release|Any CPU = Release|Any CPU
	EndGlobalSection
	GlobalSection(ProjectConfigurationPlatforms) = postSolution
		{34295123-9FB4-4C7F-8DDE-5F6769D6E886}.Debug|Any CPU.ActiveCfg = Debug|Any CPU
		{34295123-9FB4-4C7F-8DDE-5F6769D6E886}.Debug|Any CPU.Build.0 = Debug|Any CPU
		{34295123-9FB4-4C7F-8DDE-5F6769D6E886}.Release|Any CPU.ActiveCfg = Release|Any CPU
		{34295123-9FB4-4C7F-8DDE-5F6769D6E886}.Release|Any CPU.Build.0 = Release|Any CPU
	EndGlobalSection
	GlobalSection(SolutionProperties) = preSolution
		HideSolutionNode = FALSE
	EndGlobalSection
	GlobalSection(ExtensibilityGlobals) = postSolution
		SolutionGuid = {214B1FA7-D77E-4DA0-B3F8-A8116E4DA64A}
	EndGlobalSection
EndGlobal
